
Microsoft Visual Studio Solution File, Format Version 12.00
# Visual Studio 2013
VisualStudioVersion = 12.0.30110.0
MinimumVisualStudioVersion = 10.0.40219.1
Project("{FAE04EC0-301F-11D3-BF4B-00C04F79EFBC}") = "LMonkeys.Library", "LMonkeys.Library\LMonkeys.Library.csproj", "{52E13153-9D3F-4C59-B60D-5E10C0984B65}"
EndProject
Project("{FAE04EC0-301F-11D3-BF4B-00C04F79EFBC}") = "LMonkeys.Sandbox", "LMonkeys.Sandbox\LMonkeys.Sandbox.csproj", "{F9B5C2EB-FB72-4E7C-9395-C3143AB62298}"
EndProject
Global
	GlobalSection(SolutionConfigurationPlatforms) = preSolution
		Debug|Any CPU = Debug|Any CPU
		Release|Any CPU = Release|Any CPU
	EndGlobalSection
	GlobalSection(ProjectConfigurationPlatforms) = postSolution
		{52E13153-9D3F-4C59-B60D-5E10C0984B65}.Debug|Any CPU.ActiveCfg = Debug|Any CPU
		{52E13153-9D3F-4C59-B60D-5E10C0984B65}.Debug|Any CPU.Build.0 = Debug|Any CPU
		{52E13153-9D3F-4C59-B60D-5E10C0984B65}.Release|Any CPU.ActiveCfg = Release|Any CPU
		{52E13153-9D3F-4C59-B60D-5E10C0984B65}.Release|Any CPU.Build.0 = Release|Any CPU
		{F9B5C2EB-FB72-4E7C-9395-C3143AB62298}.Debug|Any CPU.ActiveCfg = Debug|Any CPU
		{F9B5C2EB-FB72-4E7C-9395-C3143AB62298}.Debug|Any CPU.Build.0 = Debug|Any CPU
		{F9B5C2EB-FB72-4E7C-9395-C3143AB62298}.Release|Any CPU.ActiveCfg = Release|Any CPU
		{F9B5C2EB-FB72-4E7C-9395-C3143AB62298}.Release|Any CPU.Build.0 = Release|Any CPU
	EndGlobalSection
	GlobalSection(SolutionProperties) = preSolution
		HideSolutionNode = FALSE
	EndGlobalSection
EndGlobal
